
Microsoft Visual Studio Solution File, Format Version 12.00
# Visual Studio Version 16
VisualStudioVersion = 16.0.29020.237
MinimumVisualStudioVersion = 10.0.40219.1
Project("{FAE04EC0-301F-11D3-BF4B-00C04F79EFBC}") = "ChatHubWPF", "ChatHubWPF\ChatHubWPF.csproj", "{62CFEC91-9B4C-47B4-9778-EFAEC92490AE}"
EndProject
Project("{FAE04EC0-301F-11D3-BF4B-00C04F79EFBC}") = "WcfChatHost", "WcfChatHost\WcfChatHost.csproj", "{DC1C2B26-0E90-4E8C-A14B-D4D4DAA2D94E}"
EndProject
Project("{FAE04EC0-301F-11D3-BF4B-00C04F79EFBC}") = "WcfChatServiceLibrary", "WcfChatServiceLibrary\WcfChatServiceLibrary.csproj", "{47AED162-2F02-480C-8586-52EF7650AFBD}"
EndProject
Global
	GlobalSection(SolutionConfigurationPlatforms) = preSolution
		Debug|Any CPU = Debug|Any CPU
		Release|Any CPU = Release|Any CPU
	EndGlobalSection
	GlobalSection(ProjectConfigurationPlatforms) = postSolution
		{62CFEC91-9B4C-47B4-9778-EFAEC92490AE}.Debug|Any CPU.ActiveCfg = Debug|Any CPU
		{62CFEC91-9B4C-47B4-9778-EFAEC92490AE}.Debug|Any CPU.Build.0 = Debug|Any CPU
		{62CFEC91-9B4C-47B4-9778-EFAEC92490AE}.Release|Any CPU.ActiveCfg = Release|Any CPU
		{62CFEC91-9B4C-47B4-9778-EFAEC92490AE}.Release|Any CPU.Build.0 = Release|Any CPU
		{DC1C2B26-0E90-4E8C-A14B-D4D4DAA2D94E}.Debug|Any CPU.ActiveCfg = Debug|Any CPU
		{DC1C2B26-0E90-4E8C-A14B-D4D4DAA2D94E}.Debug|Any CPU.Build.0 = Debug|Any CPU
		{DC1C2B26-0E90-4E8C-A14B-D4D4DAA2D94E}.Release|Any CPU.ActiveCfg = Release|Any CPU
		{DC1C2B26-0E90-4E8C-A14B-D4D4DAA2D94E}.Release|Any CPU.Build.0 = Release|Any CPU
		{47AED162-2F02-480C-8586-52EF7650AFBD}.Debug|Any CPU.ActiveCfg = Debug|Any CPU
		{47AED162-2F02-480C-8586-52EF7650AFBD}.Debug|Any CPU.Build.0 = Debug|Any CPU
		{47AED162-2F02-480C-8586-52EF7650AFBD}.Release|Any CPU.ActiveCfg = Release|Any CPU
		{47AED162-2F02-480C-8586-52EF7650AFBD}.Release|Any CPU.Build.0 = Release|Any CPU
	EndGlobalSection
	GlobalSection(SolutionProperties) = preSolution
		HideSolutionNode = FALSE
	EndGlobalSection
	GlobalSection(ExtensibilityGlobals) = postSolution
		SolutionGuid = {F0A492B7-D66E-4850-9AC6-825E061BA9FD}
	EndGlobalSection
EndGlobal
